// !$*UTF8*$!
{
	archiveVersion = 1;
	classes = {
	};
	objectVersion = 48;
	objects = {

/* Begin PBXBuildFile section */
		3EC9F598D791501ADCC743BE /* Pods_HualienBus.framework in Frameworks */ = {isa = PBXBuildFile; fileRef = A8788223B364A3AF6313C0B8 /* Pods_HualienBus.framework */; };
		CF68D5291FF08A2C007F096E /* AppDelegate.swift in Sources */ = {isa = PBXBuildFile; fileRef = CF68D5281FF08A2C007F096E /* AppDelegate.swift */; };
		CF68D52B1FF08A2C007F096E /* ViewController.swift in Sources */ = {isa = PBXBuildFile; fileRef = CF68D52A1FF08A2C007F096E /* ViewController.swift */; };
		CF68D52E1FF08A2C007F096E /* Main.storyboard in Resources */ = {isa = PBXBuildFile; fileRef = CF68D52C1FF08A2C007F096E /* Main.storyboard */; };
		CF68D5301FF08A2C007F096E /* Assets.xcassets in Resources */ = {isa = PBXBuildFile; fileRef = CF68D52F1FF08A2C007F096E /* Assets.xcassets */; };
		CF68D5331FF08A2C007F096E /* LaunchScreen.storyboard in Resources */ = {isa = PBXBuildFile; fileRef = CF68D5311FF08A2C007F096E /* LaunchScreen.storyboard */; };
/* End PBXBuildFile section */

/* Begin PBXFileReference section */
		488E9F21782F4DD9DCBBA65E /* Pods-HualienBus.release.xcconfig */ = {isa = PBXFileReference; includeInIndex = 1; lastKnownFileType = text.xcconfig; name = "Pods-HualienBus.release.xcconfig"; path = "Pods/Target Support Files/Pods-HualienBus/Pods-HualienBus.release.xcconfig"; sourceTree = "<group>"; };
		4C317C14C0AE8E83E1C9DC72 /* Pods-HualienBus.debug.xcconfig */ = {isa = PBXFileReference; includeInIndex = 1; lastKnownFileType = text.xcconfig; name = "Pods-HualienBus.debug.xcconfig"; path = "Pods/Target Support Files/Pods-HualienBus/Pods-HualienBus.debug.xcconfig"; sourceTree = "<group>"; };
		A8788223B364A3AF6313C0B8 /* Pods_HualienBus.framework */ = {isa = PBXFileReference; explicitFileType = wrapper.framework; includeInIndex = 0; path = Pods_HualienBus.framework; sourceTree = BUILT_PRODUCTS_DIR; };
		CF68D5251FF08A2C007F096E /* HualienBus.app */ = {isa = PBXFileReference; explicitFileType = wrapper.application; includeInIndex = 0; path = HualienBus.app; sourceTree = BUILT_PRODUCTS_DIR; };
		CF68D5281FF08A2C007F096E /* AppDelegate.swift */ = {isa = PBXFileReference; lastKnownFileType = sourcecode.swift; path = AppDelegate.swift; sourceTree = "<group>"; };
		CF68D52A1FF08A2C007F096E /* ViewController.swift */ = {isa = PBXFileReference; lastKnownFileType = sourcecode.swift; path = ViewController.swift; sourceTree = "<group>"; };
		CF68D52D1FF08A2C007F096E /* Base */ = {isa = PBXFileReference; lastKnownFileType = file.storyboard; name = Base; path = Base.lproj/Main.storyboard; sourceTree = "<group>"; };
		CF68D52F1FF08A2C007F096E /* Assets.xcassets */ = {isa = PBXFileReference; lastKnownFileType = folder.assetcatalog; path = Assets.xcassets; sourceTree = "<group>"; };
		CF68D5321FF08A2C007F096E /* Base */ = {isa = PBXFileReference; lastKnownFileType = file.storyboard; name = Base; path = Base.lproj/LaunchScreen.storyboard; sourceTree = "<group>"; };
		CF68D5341FF08A2C007F096E /* Info.plist */ = {isa = PBXFileReference; lastKnownFileType = text.plist.xml; path = Info.plist; sourceTree = "<group>"; };
/* End PBXFileReference section */

/* Begin PBXFrameworksBuildPhase section */
		CF68D5221FF08A2C007F096E /* Frameworks */ = {
			isa = PBXFrameworksBuildPhase;
			buildActionMask = 2147483647;
			files = (
				3EC9F598D791501ADCC743BE /* Pods_HualienBus.framework in Frameworks */,
			);
			runOnlyForDeploymentPostprocessing = 0;
		};
/* End PBXFrameworksBuildPhase section */

/* Begin PBXGroup section */
		A94986C563F3F345E9BF7D80 /* Pods */ = {
			isa = PBXGroup;
			children = (
				4C317C14C0AE8E83E1C9DC72 /* Pods-HualienBus.debug.xcconfig */,
				488E9F21782F4DD9DCBBA65E /* Pods-HualienBus.release.xcconfig */,
			);
			name = Pods;
			sourceTree = "<group>";
		};
		CF68D51C1FF08A2C007F096E = {
			isa = PBXGroup;
			children = (
				CF68D5271FF08A2C007F096E /* HualienBus */,
				CF68D5261FF08A2C007F096E /* Products */,
				A94986C563F3F345E9BF7D80 /* Pods */,
				FEE6B7C6AFF0AA9C2DB9CB1F /* Frameworks */,
			);
			sourceTree = "<group>";
		};
		CF68D5261FF08A2C007F096E /* Products */ = {
			isa = PBXGroup;
			children = (
				CF68D5251FF08A2C007F096E /* HualienBus.app */,
			);
			name = Products;
			sourceTree = "<group>";
		};
		CF68D5271FF08A2C007F096E /* HualienBus */ = {
			isa = PBXGroup;
			children = (
				CF68D5281FF08A2C007F096E /* AppDelegate.swift */,
				CF68D52A1FF08A2C007F096E /* ViewController.swift */,
				CF68D52C1FF08A2C007F096E /* Main.storyboard */,
				CF68D52F1FF08A2C007F096E /* Assets.xcassets */,
				CF68D5311FF08A2C007F096E /* LaunchScreen.storyboard */,
				CF68D5341FF08A2C007F096E /* Info.plist */,
			);
			path = HualienBus;
			sourceTree = "<group>";
		};
		FEE6B7C6AFF0AA9C2DB9CB1F /* Frameworks */ = {
			isa = PBXGroup;
			children = (
				A8788223B364A3AF6313C0B8 /* Pods_HualienBus.framework */,
			);
			name = Frameworks;
			sourceTree = "<group>";
		};
/* End PBXGroup section */

/* Begin PBXNativeTarget section */
		CF68D5241FF08A2C007F096E /* HualienBus */ = {
			isa = PBXNativeTarget;
			buildConfigurationList = CF68D5371FF08A2C007F096E /* Build configuration list for PBXNativeTarget "HualienBus" */;
			buildPhases = (
				5DCB03C54578C495166B95F6 /* [CP] Check Pods Manifest.lock */,
				CF68D5211FF08A2C007F096E /* Sources */,
				CF68D5221FF08A2C007F096E /* Frameworks */,
				CF68D5231FF08A2C007F096E /* Resources */,
				414A5D97931661F37BBE0259 /* [CP] Embed Pods Frameworks */,
				458D00056A12210D38386BC5 /* [CP] Copy Pods Resources */,
			);
			buildRules = (
			);
			dependencies = (
			);
			name = HualienBus;
			productName = HualienBus;
			productReference = CF68D5251FF08A2C007F096E /* HualienBus.app */;
			productType = "com.apple.product-type.application";
		};
/* End PBXNativeTarget section */

/* Begin PBXProject section */
		CF68D51D1FF08A2C007F096E /* Project object */ = {
			isa = PBXProject;
			attributes = {
				LastSwiftUpdateCheck = 0920;
				LastUpgradeCheck = 0920;
				ORGANIZATIONNAME = robinson;
				TargetAttributes = {
					CF68D5241FF08A2C007F096E = {
						CreatedOnToolsVersion = 9.2;
						ProvisioningStyle = Automatic;
					};
				};
			};
			buildConfigurationList = CF68D5201FF08A2C007F096E /* Build configuration list for PBXProject "HualienBus" */;
			compatibilityVersion = "Xcode 8.0";
			developmentRegion = en;
			hasScannedForEncodings = 0;
			knownRegions = (
				en,
				Base,
			);
			mainGroup = CF68D51C1FF08A2C007F096E;
			productRefGroup = CF68D5261FF08A2C007F096E /* Products */;
			projectDirPath = "";
			projectRoot = "";
			targets = (
				CF68D5241FF08A2C007F096E /* HualienBus */,
			);
		};
/* End PBXProject section */

/* Begin PBXResourcesBuildPhase section */
		CF68D5231FF08A2C007F096E /* Resources */ = {
			isa = PBXResourcesBuildPhase;
			buildActionMask = 2147483647;
			files = (
				CF68D5331FF08A2C007F096E /* LaunchScreen.storyboard in Resources */,
				CF68D5301FF08A2C007F096E /* Assets.xcassets in Resources */,
				CF68D52E1FF08A2C007F096E /* Main.storyboard in Resources */,
			);
			runOnlyForDeploymentPostprocessing = 0;
		};
/* End PBXResourcesBuildPhase section */

/* Begin PBXShellScriptBuildPhase section */
		414A5D97931661F37BBE0259 /* [CP] Embed Pods Frameworks */ = {
			isa = PBXShellScriptBuildPhase;
			buildActionMask = 2147483647;
			files = (
			);
			inputPaths = (
				"${SRCROOT}/Pods/Target Support Files/Pods-HualienBus/Pods-HualienBus-frameworks.sh",
				"${BUILT_PRODUCTS_DIR}/Alamofire/Alamofire.framework",
				"${BUILT_PRODUCTS_DIR}/MBProgressHUD/MBProgressHUD.framework",
			);
			name = "[CP] Embed Pods Frameworks";
			outputPaths = (
				"${TARGET_BUILD_DIR}/${FRAMEWORKS_FOLDER_PATH}/Alamofire.framework",
				"${TARGET_BUILD_DIR}/${FRAMEWORKS_FOLDER_PATH}/MBProgressHUD.framework",
			);
			runOnlyForDeploymentPostprocessing = 0;
			shellPath = /bin/sh;
			shellScript = "\"${SRCROOT}/Pods/Target Support Files/Pods-HualienBus/Pods-HualienBus-frameworks.sh\"\n";
			showEnvVarsInLog = 0;
		};
		458D00056A12210D38386BC5 /* [CP] Copy Pods Resources */ = {
			isa = PBXShellScriptBuildPhase;
			buildActionMask = 2147483647;
			files = (
			);
			inputPaths = (
			);
			name = "[CP] Copy Pods Resources";
			outputPaths = (
			);
			runOnlyForDeploymentPostprocessing = 0;
			shellPath = /bin/sh;
			shellScript = "\"${SRCROOT}/Pods/Target Support Files/Pods-HualienBus/Pods-HualienBus-resources.sh\"\n";
			showEnvVarsInLog = 0;
		};
		5DCB03C54578C495166B95F6 /* [CP] Check Pods Manifest.lock */ = {
			isa = PBXShellScriptBuildPhase;
			buildActionMask = 2147483647;
			files = (
			);
			inputPaths = (
				"${PODS_PODFILE_DIR_PATH}/Podfile.lock",
				"${PODS_ROOT}/Manifest.lock",
			);
			name = "[CP] Check Pods Manifest.lock";
			outputPaths = (
				"$(DERIVED_FILE_DIR)/Pods-HualienBus-checkManifestLockResult.txt",
			);
			runOnlyForDeploymentPostprocessing = 0;
			shellPath = /bin/sh;
			shellScript = "diff \"${PODS_PODFILE_DIR_PATH}/Podfile.lock\" \"${PODS_ROOT}/Manifest.lock\" > /dev/null\nif [ $? != 0 ] ; then\n    # print error to STDERR\n    echo \"error: The sandbox is not in sync with the Podfile.lock. Run 'pod install' or update your CocoaPods installation.\" >&2\n    exit 1\nfi\n# This output is used by Xcode 'outputs' to avoid re-running this script phase.\necho \"SUCCESS\" > \"${SCRIPT_OUTPUT_FILE_0}\"\n";
			showEnvVarsInLog = 0;
		};
/* End PBXShellScriptBuildPhase section */

/* Begin PBXSourcesBuildPhase section */
		CF68D5211FF08A2C007F096E /* Sources */ = {
			isa = PBXSourcesBuildPhase;
			buildActionMask = 2147483647;
			files = (
				CF68D52B1FF08A2C007F096E /* ViewController.swift in Sources */,
				CF68D5291FF08A2C007F096E /* AppDelegate.swift in Sources */,
			);
			runOnlyForDeploymentPostprocessing = 0;
		};
/* End PBXSourcesBuildPhase section */

/* Begin PBXVariantGroup section */
		CF68D52C1FF08A2C007F096E /* Main.storyboard */ = {
			isa = PBXVariantGroup;
			children = (
				CF68D52D1FF08A2C007F096E /* Base */,
			);
			name = Main.storyboard;
			sourceTree = "<group>";
		};
		CF68D5311FF08A2C007F096E /* LaunchScreen.storyboard */ = {
			isa = PBXVariantGroup;
			children = (
				CF68D5321FF08A2C007F096E /* Base */,
			);
			name = LaunchScreen.storyboard;
			sourceTree = "<group>";
		};
/* End PBXVariantGroup section */

/* Begin XCBuildConfiguration section */
		CF68D5351FF08A2C007F096E /* Debug */ = {
			isa = XCBuildConfiguration;
			buildSettings = {
				ALWAYS_SEARCH_USER_PATHS = NO;
				CLANG_ANALYZER_NONNULL = YES;
				CLANG_ANALYZER_NUMBER_OBJECT_CONVERSION = YES_AGGRESSIVE;
				CLANG_CXX_LANGUAGE_STANDARD = "gnu++14";
				CLANG_CXX_LIBRARY = "libc++";
				CLANG_ENABLE_MODULES = YES;
				CLANG_ENABLE_OBJC_ARC = YES;
				CLANG_WARN_BLOCK_CAPTURE_AUTORELEASING = YES;
				CLANG_WARN_BOOL_CONVERSION = YES;
				CLANG_WARN_COMMA = YES;
				CLANG_WARN_CONSTANT_CONVERSION = YES;
				CLANG_WARN_DIRECT_OBJC_ISA_USAGE = YES_ERROR;
				CLANG_WARN_DOCUMENTATION_COMMENTS = YES;
				CLANG_WARN_EMPTY_BODY = YES;
				CLANG_WARN_ENUM_CONVERSION = YES;
				CLANG_WARN_INFINITE_RECURSION = YES;
				CLANG_WARN_INT_CONVERSION = YES;
				CLANG_WARN_NON_LITERAL_NULL_CONVERSION = YES;
				CLANG_WARN_OBJC_LITERAL_CONVERSION = YES;
				CLANG_WARN_OBJC_ROOT_CLASS = YES_ERROR;
				CLANG_WARN_RANGE_LOOP_ANALYSIS = YES;
				CLANG_WARN_STRICT_PROTOTYPES = YES;
				CLANG_WARN_SUSPICIOUS_MOVE = YES;
				CLANG_WARN_UNGUARDED_AVAILABILITY = YES_AGGRESSIVE;
				CLANG_WARN_UNREACHABLE_CODE = YES;
				CLANG_WARN__DUPLICATE_METHOD_MATCH = YES;
				CODE_SIGN_IDENTITY = "iPhone Developer";
				COPY_PHASE_STRIP = NO;
				DEBUG_INFORMATION_FORMAT = dwarf;
				ENABLE_STRICT_OBJC_MSGSEND = YES;
				ENABLE_TESTABILITY = YES;
				GCC_C_LANGUAGE_STANDARD = gnu11;
				GCC_DYNAMIC_NO_PIC = NO;
				GCC_NO_COMMON_BLOCKS = YES;
				GCC_OPTIMIZATION_LEVEL = 0;
				GCC_PREPROCESSOR_DEFINITIONS = (
					"DEBUG=1",
					"$(inherited)",
				);
				GCC_WARN_64_TO_32_BIT_CONVERSION = YES;
				GCC_WARN_ABOUT_RETURN_TYPE = YES_ERROR;
				GCC_WARN_UNDECLARED_SELECTOR = YES;
				GCC_WARN_UNINITIALIZED_AUTOS = YES_AGGRESSIVE;
				GCC_WARN_UNUSED_FUNCTION = YES;
				GCC_WARN_UNUSED_VARIABLE = YES;
				IPHONEOS_DEPLOYMENT_TARGET = 11.2;
				MTL_ENABLE_DEBUG_INFO = YES;
				ONLY_ACTIVE_ARCH = YES;
				SDKROOT = iphoneos;
				SWIFT_ACTIVE_COMPILATION_CONDITIONS = DEBUG;
				SWIFT_OPTIMIZATION_LEVEL = "-Onone";
			};
			name = Debug;
		};
		CF68D5361FF08A2C007F096E /* Release */ = {
			isa = XCBuildConfiguration;
			buildSettings = {
				ALWAYS_SEARCH_USER_PATHS = NO;
				CLANG_ANALYZER_NONNULL = YES;
				CLANG_ANALYZER_NUMBER_OBJECT_CONVERSION = YES_AGGRESSIVE;
				CLANG_CXX_LANGUAGE_STANDARD = "gnu++14";
				CLANG_CXX_LIBRARY = "libc++";
				CLANG_ENABLE_MODULES = YES;
				CLANG_ENABLE_OBJC_ARC = YES;
				CLANG_WARN_BLOCK_CAPTURE_AUTORELEASING = YES;
				CLANG_WARN_BOOL_CONVERSION = YES;
				CLANG_WARN_COMMA = YES;
				CLANG_WARN_CONSTANT_CONVERSION = YES;
				CLANG_WARN_DIRECT_OBJC_ISA_USAGE = YES_ERROR;
				CLANG_WARN_DOCUMENTATION_COMMENTS = YES;
				CLANG_WARN_EMPTY_BODY = YES;
				CLANG_WARN_ENUM_CONVERSION = YES;
				CLANG_WARN_INFINITE_RECURSION = YES;
				CLANG_WARN_INT_CONVERSION = YES;
				CLANG_WARN_NON_LITERAL_NULL_CONVERSION = YES;
				CLANG_WARN_OBJC_LITERAL_CONVERSION = YES;
				CLANG_WARN_OBJC_ROOT_CLASS = YES_ERROR;
				CLANG_WARN_RANGE_LOOP_ANALYSIS = YES;
				CLANG_WARN_STRICT_PROTOTYPES = YES;
				CLANG_WARN_SUSPICIOUS_MOVE = YES;
				CLANG_WARN_UNGUARDED_AVAILABILITY = YES_AGGRESSIVE;
				CLANG_WARN_UNREACHABLE_CODE = YES;
				CLANG_WARN__DUPLICATE_METHOD_MATCH = YES;
				CODE_SIGN_IDENTITY = "iPhone Developer";
				COPY_PHASE_STRIP = NO;
				DEBUG_INFORMATION_FORMAT = "dwarf-with-dsym";
				ENABLE_NS_ASSERTIONS = NO;
				ENABLE_STRICT_OBJC_MSGSEND = YES;
				GCC_C_LANGUAGE_STANDARD = gnu11;
				GCC_NO_COMMON_BLOCKS = YES;
				GCC_WARN_64_TO_32_BIT_CONVERSION = YES;
				GCC_WARN_ABOUT_RETURN_TYPE = YES_ERROR;
				GCC_WARN_UNDECLARED_SELECTOR = YES;
				GCC_WARN_UNINITIALIZED_AUTOS = YES_AGGRESSIVE;
				GCC_WARN_UNUSED_FUNCTION = YES;
				GCC_WARN_UNUSED_VARIABLE = YES;
				IPHONEOS_DEPLOYMENT_TARGET = 11.2;
				MTL_ENABLE_DEBUG_INFO = NO;
				SDKROOT = iphoneos;
				SWIFT_OPTIMIZATION_LEVEL = "-Owholemodule";
				VALIDATE_PRODUCT = YES;
			};
			name = Release;
		};
		CF68D5381FF08A2C007F096E /* Debug */ = {
			isa = XCBuildConfiguration;
			baseConfigurationReference = 4C317C14C0AE8E83E1C9DC72 /* Pods-HualienBus.debug.xcconfig */;
			buildSettings = {
				ASSETCATALOG_COMPILER_APPICON_NAME = AppIcon;
				CODE_SIGN_STYLE = Automatic;
				DEVELOPMENT_TEAM = TVFFD9C8WQ;
				INFOPLIST_FILE = HualienBus/Info.plist;
				LD_RUNPATH_SEARCH_PATHS = "$(inherited) @executable_path/Frameworks";
				PRODUCT_BUNDLE_IDENTIFIER = robinson.HualienBus;
				PRODUCT_NAME = "$(TARGET_NAME)";
				SWIFT_VERSION = 4.0;
				TARGETED_DEVICE_FAMILY = "1,2";
			};
			name = Debug;
		};
		CF68D5391FF08A2C007F096E /* Release */ = {
			isa = XCBuildConfiguration;
			baseConfigurationReference = 488E9F21782F4DD9DCBBA65E /* Pods-HualienBus.release.xcconfig */;
			buildSettings = {
				ASSETCATALOG_COMPILER_APPICON_NAME = AppIcon;
				CODE_SIGN_STYLE = Automatic;
				DEVELOPMENT_TEAM = TVFFD9C8WQ;
				INFOPLIST_FILE = HualienBus/Info.plist;
				LD_RUNPATH_SEARCH_PATHS = "$(inherited) @executable_path/Frameworks";
				PRODUCT_BUNDLE_IDENTIFIER = robinson.HualienBus;
				PRODUCT_NAME = "$(TARGET_NAME)";
				SWIFT_VERSION = 4.0;
				TARGETED_DEVICE_FAMILY = "1,2";
			};
			name = Release;
		};
/* End XCBuildConfiguration section */

/* Begin XCConfigurationList section */
		CF68D5201FF08A2C007F096E /* Build configuration list for PBXProject "HualienBus" */ = {
			isa = XCConfigurationList;
			buildConfigurations = (
				CF68D5351FF08A2C007F096E /* Debug */,
				CF68D5361FF08A2C007F096E /* Release */,
			);
			defaultConfigurationIsVisible = 0;
			defaultConfigurationName = Release;
		};
		CF68D5371FF08A2C007F096E /* Build configuration list for PBXNativeTarget "HualienBus" */ = {
			isa = XCConfigurationList;
			buildConfigurations = (
				CF68D5381FF08A2C007F096E /* Debug */,
				CF68D5391FF08A2C007F096E /* Release */,
			);
			defaultConfigurationIsVisible = 0;
			defaultConfigurationName = Release;
		};
/* End XCConfigurationList section */
	};
	rootObject = CF68D51D1FF08A2C007F096E /* Project object */;
}
